
Microsoft Visual Studio Solution File, Format Version 12.00
# Visual Studio Version 17
VisualStudioVersion = 17.5.33414.496
MinimumVisualStudioVersion = 10.0.40219.1
Project("{FAE04EC0-301F-11D3-BF4B-00C04F79EFBC}") = "dz8oop", "dz8oop\dz8oop.csproj", "{94307535-72A4-49DA-83DF-7CFB434A4D82}"
EndProject
Project("{FAE04EC0-301F-11D3-BF4B-00C04F79EFBC}") = "zavd1", "zavd1\zavd1.csproj", "{4BFAC982-1D0F-42B8-81E7-2A5F3FCF0BAB}"
EndProject
Project("{FAE04EC0-301F-11D3-BF4B-00C04F79EFBC}") = "zavd2", "zavd2\zavd2.csproj", "{3612A0DD-BCE6-4B3A-BEEB-589A6D712417}"
EndProject
Project("{FAE04EC0-301F-11D3-BF4B-00C04F79EFBC}") = "zavd3", "zavd3\zavd3.csproj", "{BCE1F9D1-F31F-4A0D-B451-577E040353C5}"
EndProject
Project("{FAE04EC0-301F-11D3-BF4B-00C04F79EFBC}") = "zavd4", "zavd4\zavd4.csproj", "{03719B2F-476B-4515-BBD9-75D63875F5E2}"
EndProject
Global
	GlobalSection(SolutionConfigurationPlatforms) = preSolution
		Debug|Any CPU = Debug|Any CPU
		Release|Any CPU = Release|Any CPU
	EndGlobalSection
	GlobalSection(ProjectConfigurationPlatforms) = postSolution
		{94307535-72A4-49DA-83DF-7CFB434A4D82}.Debug|Any CPU.ActiveCfg = Debug|Any CPU
		{94307535-72A4-49DA-83DF-7CFB434A4D82}.Debug|Any CPU.Build.0 = Debug|Any CPU
		{94307535-72A4-49DA-83DF-7CFB434A4D82}.Release|Any CPU.ActiveCfg = Release|Any CPU
		{94307535-72A4-49DA-83DF-7CFB434A4D82}.Release|Any CPU.Build.0 = Release|Any CPU
		{4BFAC982-1D0F-42B8-81E7-2A5F3FCF0BAB}.Debug|Any CPU.ActiveCfg = Debug|Any CPU
		{4BFAC982-1D0F-42B8-81E7-2A5F3FCF0BAB}.Debug|Any CPU.Build.0 = Debug|Any CPU
		{4BFAC982-1D0F-42B8-81E7-2A5F3FCF0BAB}.Release|Any CPU.ActiveCfg = Release|Any CPU
		{4BFAC982-1D0F-42B8-81E7-2A5F3FCF0BAB}.Release|Any CPU.Build.0 = Release|Any CPU
		{3612A0DD-BCE6-4B3A-BEEB-589A6D712417}.Debug|Any CPU.ActiveCfg = Debug|Any CPU
		{3612A0DD-BCE6-4B3A-BEEB-589A6D712417}.Debug|Any CPU.Build.0 = Debug|Any CPU
		{3612A0DD-BCE6-4B3A-BEEB-589A6D712417}.Release|Any CPU.ActiveCfg = Release|Any CPU
		{3612A0DD-BCE6-4B3A-BEEB-589A6D712417}.Release|Any CPU.Build.0 = Release|Any CPU
		{BCE1F9D1-F31F-4A0D-B451-577E040353C5}.Debug|Any CPU.ActiveCfg = Debug|Any CPU
		{BCE1F9D1-F31F-4A0D-B451-577E040353C5}.Debug|Any CPU.Build.0 = Debug|Any CPU
		{BCE1F9D1-F31F-4A0D-B451-577E040353C5}.Release|Any CPU.ActiveCfg = Release|Any CPU
		{BCE1F9D1-F31F-4A0D-B451-577E040353C5}.Release|Any CPU.Build.0 = Release|Any CPU
		{03719B2F-476B-4515-BBD9-75D63875F5E2}.Debug|Any CPU.ActiveCfg = Debug|Any CPU
		{03719B2F-476B-4515-BBD9-75D63875F5E2}.Debug|Any CPU.Build.0 = Debug|Any CPU
		{03719B2F-476B-4515-BBD9-75D63875F5E2}.Release|Any CPU.ActiveCfg = Release|Any CPU
		{03719B2F-476B-4515-BBD9-75D63875F5E2}.Release|Any CPU.Build.0 = Release|Any CPU
	EndGlobalSection
	GlobalSection(SolutionProperties) = preSolution
		HideSolutionNode = FALSE
	EndGlobalSection
	GlobalSection(ExtensibilityGlobals) = postSolution
		SolutionGuid = {A456BDC8-4177-47C2-8CC9-61A220E98AF0}
	EndGlobalSection
EndGlobal
